// !$*UTF8*$!
{
	archiveVersion = 1;
	classes = {
	};
	objectVersion = 46;
	objects = {

/* Begin PBXBuildFile section */
		D226E5821A1048C60025D65D /* Propound.m in Sources */ = {isa = PBXBuildFile; fileRef = D226E5811A1048C60025D65D /* Propound.m */; };
		D226E5A21A1052FF0025D65D /* NavigationController.m in Sources */ = {isa = PBXBuildFile; fileRef = D226E5A11A1052FF0025D65D /* NavigationController.m */; };
		D2C0167F1A1031A800A1C3A5 /* main.m in Sources */ = {isa = PBXBuildFile; fileRef = D2C0167E1A1031A800A1C3A5 /* main.m */; };
		D2C016821A1031A800A1C3A5 /* AppDelegate.m in Sources */ = {isa = PBXBuildFile; fileRef = D2C016811A1031A800A1C3A5 /* AppDelegate.m */; };
		D2C016851A1031A800A1C3A5 /* FirstViewController.m in Sources */ = {isa = PBXBuildFile; fileRef = D2C016841A1031A800A1C3A5 /* FirstViewController.m */; };
		D2C016881A1031A800A1C3A5 /* SecondViewController.m in Sources */ = {isa = PBXBuildFile; fileRef = D2C016871A1031A800A1C3A5 /* SecondViewController.m */; };
		D2C0168B1A1031A800A1C3A5 /* Main.storyboard in Resources */ = {isa = PBXBuildFile; fileRef = D2C016891A1031A800A1C3A5 /* Main.storyboard */; };
		D2C0168D1A1031A800A1C3A5 /* Images.xcassets in Resources */ = {isa = PBXBuildFile; fileRef = D2C0168C1A1031A800A1C3A5 /* Images.xcassets */; };
		D2C016901A1031A800A1C3A5 /* LaunchScreen.xib in Resources */ = {isa = PBXBuildFile; fileRef = D2C0168E1A1031A800A1C3A5 /* LaunchScreen.xib */; };
		D2C0169C1A1031A800A1C3A5 /* PingemTests.m in Sources */ = {isa = PBXBuildFile; fileRef = D2C0169B1A1031A800A1C3A5 /* PingemTests.m */; };
		FB0ED06C32630A090BB756E4 /* libPods.a in Frameworks */ = {isa = PBXBuildFile; fileRef = 8EFC4691B303F9167A1E2BFA /* libPods.a */; };
/* End PBXBuildFile section */

/* Begin PBXContainerItemProxy section */
		D2C016961A1031A800A1C3A5 /* PBXContainerItemProxy */ = {
			isa = PBXContainerItemProxy;
			containerPortal = D2C016711A1031A700A1C3A5 /* Project object */;
			proxyType = 1;
			remoteGlobalIDString = D2C016781A1031A700A1C3A5;
			remoteInfo = Pingem;
		};
/* End PBXContainerItemProxy section */

/* Begin PBXFileReference section */
		1292FE3A07D303786A6B9EE5 /* Pods.release.xcconfig */ = {isa = PBXFileReference; includeInIndex = 1; lastKnownFileType = text.xcconfig; name = Pods.release.xcconfig; path = "Pods/Target Support Files/Pods/Pods.release.xcconfig"; sourceTree = "<group>"; };
		8EFC4691B303F9167A1E2BFA /* libPods.a */ = {isa = PBXFileReference; explicitFileType = archive.ar; includeInIndex = 0; path = libPods.a; sourceTree = BUILT_PRODUCTS_DIR; };
		D226E5801A1048C60025D65D /* Propound.h */ = {isa = PBXFileReference; fileEncoding = 4; lastKnownFileType = sourcecode.c.h; path = Propound.h; sourceTree = "<group>"; };
		D226E5811A1048C60025D65D /* Propound.m */ = {isa = PBXFileReference; fileEncoding = 4; lastKnownFileType = sourcecode.c.objc; path = Propound.m; sourceTree = "<group>"; };
		D226E5A01A1052FF0025D65D /* NavigationController.h */ = {isa = PBXFileReference; fileEncoding = 4; lastKnownFileType = sourcecode.c.h; path = NavigationController.h; sourceTree = "<group>"; };
		D226E5A11A1052FF0025D65D /* NavigationController.m */ = {isa = PBXFileReference; fileEncoding = 4; lastKnownFileType = sourcecode.c.objc; path = NavigationController.m; sourceTree = "<group>"; };
		D2C016791A1031A700A1C3A5 /* Propound.app */ = {isa = PBXFileReference; explicitFileType = wrapper.application; includeInIndex = 0; path = Propound.app; sourceTree = BUILT_PRODUCTS_DIR; };
		D2C0167D1A1031A800A1C3A5 /* Info.plist */ = {isa = PBXFileReference; lastKnownFileType = text.plist.xml; path = Info.plist; sourceTree = "<group>"; };
		D2C0167E1A1031A800A1C3A5 /* main.m */ = {isa = PBXFileReference; lastKnownFileType = sourcecode.c.objc; path = main.m; sourceTree = "<group>"; };
		D2C016801A1031A800A1C3A5 /* AppDelegate.h */ = {isa = PBXFileReference; lastKnownFileType = sourcecode.c.h; path = AppDelegate.h; sourceTree = "<group>"; };
		D2C016811A1031A800A1C3A5 /* AppDelegate.m */ = {isa = PBXFileReference; lastKnownFileType = sourcecode.c.objc; path = AppDelegate.m; sourceTree = "<group>"; };
		D2C016831A1031A800A1C3A5 /* FirstViewController.h */ = {isa = PBXFileReference; lastKnownFileType = sourcecode.c.h; path = FirstViewController.h; sourceTree = "<group>"; };
		D2C016841A1031A800A1C3A5 /* FirstViewController.m */ = {isa = PBXFileReference; lastKnownFileType = sourcecode.c.objc; path = FirstViewController.m; sourceTree = "<group>"; };
		D2C016861A1031A800A1C3A5 /* SecondViewController.h */ = {isa = PBXFileReference; lastKnownFileType = sourcecode.c.h; path = SecondViewController.h; sourceTree = "<group>"; };
		D2C016871A1031A800A1C3A5 /* SecondViewController.m */ = {isa = PBXFileReference; lastKnownFileType = sourcecode.c.objc; path = SecondViewController.m; sourceTree = "<group>"; };
		D2C0168A1A1031A800A1C3A5 /* Base */ = {isa = PBXFileReference; lastKnownFileType = file.storyboard; name = Base; path = Base.lproj/Main.storyboard; sourceTree = "<group>"; };
		D2C0168C1A1031A800A1C3A5 /* Images.xcassets */ = {isa = PBXFileReference; lastKnownFileType = folder.assetcatalog; path = Images.xcassets; sourceTree = "<group>"; };
		D2C0168F1A1031A800A1C3A5 /* Base */ = {isa = PBXFileReference; lastKnownFileType = file.xib; name = Base; path = Base.lproj/LaunchScreen.xib; sourceTree = "<group>"; };
		D2C016951A1031A800A1C3A5 /* PropoundTests.xctest */ = {isa = PBXFileReference; explicitFileType = wrapper.cfbundle; includeInIndex = 0; path = PropoundTests.xctest; sourceTree = BUILT_PRODUCTS_DIR; };
		D2C0169A1A1031A800A1C3A5 /* Info.plist */ = {isa = PBXFileReference; lastKnownFileType = text.plist.xml; path = Info.plist; sourceTree = "<group>"; };
		D2C0169B1A1031A800A1C3A5 /* PingemTests.m */ = {isa = PBXFileReference; lastKnownFileType = sourcecode.c.objc; path = PingemTests.m; sourceTree = "<group>"; };
		F0EB4DE559C80F13A54EB451 /* Pods.debug.xcconfig */ = {isa = PBXFileReference; includeInIndex = 1; lastKnownFileType = text.xcconfig; name = Pods.debug.xcconfig; path = "Pods/Target Support Files/Pods/Pods.debug.xcconfig"; sourceTree = "<group>"; };
/* End PBXFileReference section */

/* Begin PBXFrameworksBuildPhase section */
		D2C016761A1031A700A1C3A5 /* Frameworks */ = {
			isa = PBXFrameworksBuildPhase;
			buildActionMask = 2147483647;
			files = (
				FB0ED06C32630A090BB756E4 /* libPods.a in Frameworks */,
			);
			runOnlyForDeploymentPostprocessing = 0;
		};
		D2C016921A1031A800A1C3A5 /* Frameworks */ = {
			isa = PBXFrameworksBuildPhase;
			buildActionMask = 2147483647;
			files = (
			);
			runOnlyForDeploymentPostprocessing = 0;
		};
/* End PBXFrameworksBuildPhase section */

/* Begin PBXGroup section */
		19949B2314D7D76022031690 /* Frameworks */ = {
			isa = PBXGroup;
			children = (
				8EFC4691B303F9167A1E2BFA /* libPods.a */,
			);
			name = Frameworks;
			sourceTree = "<group>";
		};
		6302EA2305F0E37E876966CA /* Pods */ = {
			isa = PBXGroup;
			children = (
				F0EB4DE559C80F13A54EB451 /* Pods.debug.xcconfig */,
				1292FE3A07D303786A6B9EE5 /* Pods.release.xcconfig */,
			);
			name = Pods;
			sourceTree = "<group>";
		};
		D226E57D1A1047230025D65D /* models */ = {
			isa = PBXGroup;
			children = (
				D226E5801A1048C60025D65D /* Propound.h */,
				D226E5811A1048C60025D65D /* Propound.m */,
			);
			name = models;
			sourceTree = "<group>";
		};
		D226E57F1A10473C0025D65D /* controllers */ = {
			isa = PBXGroup;
			children = (
				D2C016831A1031A800A1C3A5 /* FirstViewController.h */,
				D2C016841A1031A800A1C3A5 /* FirstViewController.m */,
				D2C016861A1031A800A1C3A5 /* SecondViewController.h */,
				D2C016871A1031A800A1C3A5 /* SecondViewController.m */,
				D226E5A01A1052FF0025D65D /* NavigationController.h */,
				D226E5A11A1052FF0025D65D /* NavigationController.m */,
			);
			name = controllers;
			sourceTree = "<group>";
		};
		D2C016701A1031A700A1C3A5 = {
			isa = PBXGroup;
			children = (
				D2C0167B1A1031A700A1C3A5 /* Pingem */,
				D2C016981A1031A800A1C3A5 /* PingemTests */,
				D2C0167A1A1031A700A1C3A5 /* Products */,
				6302EA2305F0E37E876966CA /* Pods */,
				19949B2314D7D76022031690 /* Frameworks */,
			);
			sourceTree = "<group>";
		};
		D2C0167A1A1031A700A1C3A5 /* Products */ = {
			isa = PBXGroup;
			children = (
				D2C016791A1031A700A1C3A5 /* Propound.app */,
				D2C016951A1031A800A1C3A5 /* PropoundTests.xctest */,
			);
			name = Products;
			sourceTree = "<group>";
		};
		D2C0167B1A1031A700A1C3A5 /* Pingem */ = {
			isa = PBXGroup;
			children = (
				D226E57D1A1047230025D65D /* models */,
				D2C016801A1031A800A1C3A5 /* AppDelegate.h */,
				D2C016811A1031A800A1C3A5 /* AppDelegate.m */,
				D226E57F1A10473C0025D65D /* controllers */,
				D2C016891A1031A800A1C3A5 /* Main.storyboard */,
				D2C0168C1A1031A800A1C3A5 /* Images.xcassets */,
				D2C0168E1A1031A800A1C3A5 /* LaunchScreen.xib */,
				D2C0167C1A1031A700A1C3A5 /* Supporting Files */,
			);
			path = Pingem;
			sourceTree = "<group>";
		};
		D2C0167C1A1031A700A1C3A5 /* Supporting Files */ = {
			isa = PBXGroup;
			children = (
				D2C0167D1A1031A800A1C3A5 /* Info.plist */,
				D2C0167E1A1031A800A1C3A5 /* main.m */,
			);
			name = "Supporting Files";
			sourceTree = "<group>";
		};
		D2C016981A1031A800A1C3A5 /* PingemTests */ = {
			isa = PBXGroup;
			children = (
				D2C0169B1A1031A800A1C3A5 /* PingemTests.m */,
				D2C016991A1031A800A1C3A5 /* Supporting Files */,
			);
			path = PingemTests;
			sourceTree = "<group>";
		};
		D2C016991A1031A800A1C3A5 /* Supporting Files */ = {
			isa = PBXGroup;
			children = (
				D2C0169A1A1031A800A1C3A5 /* Info.plist */,
			);
			name = "Supporting Files";
			sourceTree = "<group>";
		};
/* End PBXGroup section */

/* Begin PBXNativeTarget section */
		D2C016781A1031A700A1C3A5 /* Propound */ = {
			isa = PBXNativeTarget;
			buildConfigurationList = D2C0169F1A1031A800A1C3A5 /* Build configuration list for PBXNativeTarget "Propound" */;
			buildPhases = (
				0B0FC774DD0BDFE4BBCA9DF2 /* Check Pods Manifest.lock */,
				D2C016751A1031A700A1C3A5 /* Sources */,
				D2C016761A1031A700A1C3A5 /* Frameworks */,
				D2C016771A1031A700A1C3A5 /* Resources */,
				54B2F7B9556F590BDD0E2F80 /* Copy Pods Resources */,
			);
			buildRules = (
			);
			dependencies = (
			);
			name = Propound;
			productName = Pingem;
			productReference = D2C016791A1031A700A1C3A5 /* Propound.app */;
			productType = "com.apple.product-type.application";
		};
		D2C016941A1031A800A1C3A5 /* PropoundTests */ = {
			isa = PBXNativeTarget;
			buildConfigurationList = D2C016A21A1031A800A1C3A5 /* Build configuration list for PBXNativeTarget "PropoundTests" */;
			buildPhases = (
				D2C016911A1031A800A1C3A5 /* Sources */,
				D2C016921A1031A800A1C3A5 /* Frameworks */,
				D2C016931A1031A800A1C3A5 /* Resources */,
			);
			buildRules = (
			);
			dependencies = (
				D2C016971A1031A800A1C3A5 /* PBXTargetDependency */,
			);
			name = PropoundTests;
			productName = PingemTests;
			productReference = D2C016951A1031A800A1C3A5 /* PropoundTests.xctest */;
			productType = "com.apple.product-type.bundle.unit-test";
		};
/* End PBXNativeTarget section */

/* Begin PBXProject section */
		D2C016711A1031A700A1C3A5 /* Project object */ = {
			isa = PBXProject;
			attributes = {
				LastUpgradeCheck = 0610;
				ORGANIZATIONNAME = "Scott Sollows";
				TargetAttributes = {
					D2C016781A1031A700A1C3A5 = {
						CreatedOnToolsVersion = 6.1;
					};
					D2C016941A1031A800A1C3A5 = {
						CreatedOnToolsVersion = 6.1;
						TestTargetID = D2C016781A1031A700A1C3A5;
					};
				};
			};
			buildConfigurationList = D2C016741A1031A700A1C3A5 /* Build configuration list for PBXProject "Propound" */;
			compatibilityVersion = "Xcode 3.2";
			developmentRegion = English;
			hasScannedForEncodings = 0;
			knownRegions = (
				en,
				Base,
			);
			mainGroup = D2C016701A1031A700A1C3A5;
			productRefGroup = D2C0167A1A1031A700A1C3A5 /* Products */;
			projectDirPath = "";
			projectRoot = "";
			targets = (
				D2C016781A1031A700A1C3A5 /* Propound */,
				D2C016941A1031A800A1C3A5 /* PropoundTests */,
			);
		};
/* End PBXProject section */

/* Begin PBXResourcesBuildPhase section */
		D2C016771A1031A700A1C3A5 /* Resources */ = {
			isa = PBXResourcesBuildPhase;
			buildActionMask = 2147483647;
			files = (
				D2C0168B1A1031A800A1C3A5 /* Main.storyboard in Resources */,
				D2C016901A1031A800A1C3A5 /* LaunchScreen.xib in Resources */,
				D2C0168D1A1031A800A1C3A5 /* Images.xcassets in Resources */,
			);
			runOnlyForDeploymentPostprocessing = 0;
		};
		D2C016931A1031A800A1C3A5 /* Resources */ = {
			isa = PBXResourcesBuildPhase;
			buildActionMask = 2147483647;
			files = (
			);
			runOnlyForDeploymentPostprocessing = 0;
		};
/* End PBXResourcesBuildPhase section */

/* Begin PBXShellScriptBuildPhase section */
		0B0FC774DD0BDFE4BBCA9DF2 /* Check Pods Manifest.lock */ = {
			isa = PBXShellScriptBuildPhase;
			buildActionMask = 2147483647;
			files = (
			);
			inputPaths = (
			);
			name = "Check Pods Manifest.lock";
			outputPaths = (
			);
			runOnlyForDeploymentPostprocessing = 0;
			shellPath = /bin/sh;
			shellScript = "diff \"${PODS_ROOT}/../Podfile.lock\" \"${PODS_ROOT}/Manifest.lock\" > /dev/null\nif [[ $? != 0 ]] ; then\n    cat << EOM\nerror: The sandbox is not in sync with the Podfile.lock. Run 'pod install' or update your CocoaPods installation.\nEOM\n    exit 1\nfi\n";
			showEnvVarsInLog = 0;
		};
		54B2F7B9556F590BDD0E2F80 /* Copy Pods Resources */ = {
			isa = PBXShellScriptBuildPhase;
			buildActionMask = 2147483647;
			files = (
			);
			inputPaths = (
			);
			name = "Copy Pods Resources";
			outputPaths = (
			);
			runOnlyForDeploymentPostprocessing = 0;
			shellPath = /bin/sh;
			shellScript = "\"${SRCROOT}/Pods/Target Support Files/Pods/Pods-resources.sh\"\n";
			showEnvVarsInLog = 0;
		};
/* End PBXShellScriptBuildPhase section */

/* Begin PBXSourcesBuildPhase section */
		D2C016751A1031A700A1C3A5 /* Sources */ = {
			isa = PBXSourcesBuildPhase;
			buildActionMask = 2147483647;
			files = (
				D226E5821A1048C60025D65D /* Propound.m in Sources */,
				D2C016881A1031A800A1C3A5 /* SecondViewController.m in Sources */,
				D226E5A21A1052FF0025D65D /* NavigationController.m in Sources */,
				D2C016821A1031A800A1C3A5 /* AppDelegate.m in Sources */,
				D2C016851A1031A800A1C3A5 /* FirstViewController.m in Sources */,
				D2C0167F1A1031A800A1C3A5 /* main.m in Sources */,
			);
			runOnlyForDeploymentPostprocessing = 0;
		};
		D2C016911A1031A800A1C3A5 /* Sources */ = {
			isa = PBXSourcesBuildPhase;
			buildActionMask = 2147483647;
			files = (
				D2C0169C1A1031A800A1C3A5 /* PingemTests.m in Sources */,
			);
			runOnlyForDeploymentPostprocessing = 0;
		};
/* End PBXSourcesBuildPhase section */

/* Begin PBXTargetDependency section */
		D2C016971A1031A800A1C3A5 /* PBXTargetDependency */ = {
			isa = PBXTargetDependency;
			target = D2C016781A1031A700A1C3A5 /* Propound */;
			targetProxy = D2C016961A1031A800A1C3A5 /* PBXContainerItemProxy */;
		};
/* End PBXTargetDependency section */

/* Begin PBXVariantGroup section */
		D2C016891A1031A800A1C3A5 /* Main.storyboard */ = {
			isa = PBXVariantGroup;
			children = (
				D2C0168A1A1031A800A1C3A5 /* Base */,
			);
			name = Main.storyboard;
			sourceTree = "<group>";
		};
		D2C0168E1A1031A800A1C3A5 /* LaunchScreen.xib */ = {
			isa = PBXVariantGroup;
			children = (
				D2C0168F1A1031A800A1C3A5 /* Base */,
			);
			name = LaunchScreen.xib;
			sourceTree = "<group>";
		};
/* End PBXVariantGroup section */

/* Begin XCBuildConfiguration section */
		D2C0169D1A1031A800A1C3A5 /* Debug */ = {
			isa = XCBuildConfiguration;
			buildSettings = {
				ALWAYS_SEARCH_USER_PATHS = NO;
				CLANG_CXX_LANGUAGE_STANDARD = "gnu++0x";
				CLANG_CXX_LIBRARY = "libc++";
				CLANG_ENABLE_MODULES = YES;
				CLANG_ENABLE_OBJC_ARC = YES;
				CLANG_WARN_BOOL_CONVERSION = YES;
				CLANG_WARN_CONSTANT_CONVERSION = YES;
				CLANG_WARN_DIRECT_OBJC_ISA_USAGE = YES_ERROR;
				CLANG_WARN_EMPTY_BODY = YES;
				CLANG_WARN_ENUM_CONVERSION = YES;
				CLANG_WARN_INT_CONVERSION = YES;
				CLANG_WARN_OBJC_ROOT_CLASS = YES_ERROR;
				CLANG_WARN_UNREACHABLE_CODE = YES;
				CLANG_WARN__DUPLICATE_METHOD_MATCH = YES;
				"CODE_SIGN_IDENTITY[sdk=iphoneos*]" = "iPhone Developer";
				COPY_PHASE_STRIP = NO;
				ENABLE_STRICT_OBJC_MSGSEND = YES;
				GCC_C_LANGUAGE_STANDARD = gnu99;
				GCC_DYNAMIC_NO_PIC = NO;
				GCC_OPTIMIZATION_LEVEL = 0;
				GCC_PREPROCESSOR_DEFINITIONS = (
					"DEBUG=1",
					"$(inherited)",
				);
				GCC_SYMBOLS_PRIVATE_EXTERN = NO;
				GCC_WARN_64_TO_32_BIT_CONVERSION = YES;
				GCC_WARN_ABOUT_RETURN_TYPE = YES_ERROR;
				GCC_WARN_UNDECLARED_SELECTOR = YES;
				GCC_WARN_UNINITIALIZED_AUTOS = YES_AGGRESSIVE;
				GCC_WARN_UNUSED_FUNCTION = YES;
				GCC_WARN_UNUSED_VARIABLE = YES;
				IPHONEOS_DEPLOYMENT_TARGET = 8.1;
				MTL_ENABLE_DEBUG_INFO = YES;
				ONLY_ACTIVE_ARCH = YES;
				SDKROOT = iphoneos;
				TARGETED_DEVICE_FAMILY = "1,2";
			};
			name = Debug;
		};
		D2C0169E1A1031A800A1C3A5 /* Release */ = {
			isa = XCBuildConfiguration;
			buildSettings = {
				ALWAYS_SEARCH_USER_PATHS = NO;
				CLANG_CXX_LANGUAGE_STANDARD = "gnu++0x";
				CLANG_CXX_LIBRARY = "libc++";
				CLANG_ENABLE_MODULES = YES;
				CLANG_ENABLE_OBJC_ARC = YES;
				CLANG_WARN_BOOL_CONVERSION = YES;
				CLANG_WARN_CONSTANT_CONVERSION = YES;
				CLANG_WARN_DIRECT_OBJC_ISA_USAGE = YES_ERROR;
				CLANG_WARN_EMPTY_BODY = YES;
				CLANG_WARN_ENUM_CONVERSION = YES;
				CLANG_WARN_INT_CONVERSION = YES;
				CLANG_WARN_OBJC_ROOT_CLASS = YES_ERROR;
				CLANG_WARN_UNREACHABLE_CODE = YES;
				CLANG_WARN__DUPLICATE_METHOD_MATCH = YES;
				"CODE_SIGN_IDENTITY[sdk=iphoneos*]" = "iPhone Developer";
				COPY_PHASE_STRIP = YES;
				ENABLE_NS_ASSERTIONS = NO;
				ENABLE_STRICT_OBJC_MSGSEND = YES;
				GCC_C_LANGUAGE_STANDARD = gnu99;
				GCC_WARN_64_TO_32_BIT_CONVERSION = YES;
				GCC_WARN_ABOUT_RETURN_TYPE = YES_ERROR;
				GCC_WARN_UNDECLARED_SELECTOR = YES;
				GCC_WARN_UNINITIALIZED_AUTOS = YES_AGGRESSIVE;
				GCC_WARN_UNUSED_FUNCTION = YES;
				GCC_WARN_UNUSED_VARIABLE = YES;
				IPHONEOS_DEPLOYMENT_TARGET = 8.1;
				MTL_ENABLE_DEBUG_INFO = NO;
				SDKROOT = iphoneos;
				TARGETED_DEVICE_FAMILY = "1,2";
				VALIDATE_PRODUCT = YES;
			};
			name = Release;
		};
		D2C016A01A1031A800A1C3A5 /* Debug */ = {
			isa = XCBuildConfiguration;
			baseConfigurationReference = F0EB4DE559C80F13A54EB451 /* Pods.debug.xcconfig */;
			buildSettings = {
				ASSETCATALOG_COMPILER_APPICON_NAME = AppIcon;
				FRAMEWORK_SEARCH_PATHS = (
					"$(inherited)",
					"/Users/Scott/Downloads/parse-library-1.5.0",
				);
				INFOPLIST_FILE = Pingem/Info.plist;
				IPHONEOS_DEPLOYMENT_TARGET = 8.0;
				LD_RUNPATH_SEARCH_PATHS = "$(inherited) @executable_path/Frameworks";
				PRODUCT_NAME = Propound;
				TARGETED_DEVICE_FAMILY = 1;
			};
			name = Debug;
		};
		D2C016A11A1031A800A1C3A5 /* Release */ = {
			isa = XCBuildConfiguration;
			baseConfigurationReference = 1292FE3A07D303786A6B9EE5 /* Pods.release.xcconfig */;
			buildSettings = {
				ASSETCATALOG_COMPILER_APPICON_NAME = AppIcon;
				FRAMEWORK_SEARCH_PATHS = (
					"$(inherited)",
					"/Users/Scott/Downloads/parse-library-1.5.0",
				);
				INFOPLIST_FILE = Pingem/Info.plist;
				IPHONEOS_DEPLOYMENT_TARGET = 8.0;
				LD_RUNPATH_SEARCH_PATHS = "$(inherited) @executable_path/Frameworks";
				PRODUCT_NAME = Propound;
				TARGETED_DEVICE_FAMILY = 1;
			};
			name = Release;
		};
		D2C016A31A1031A800A1C3A5 /* Debug */ = {
			isa = XCBuildConfiguration;
			buildSettings = {
				BUNDLE_LOADER = "$(TEST_HOST)";
				FRAMEWORK_SEARCH_PATHS = (
					"$(SDKROOT)/Developer/Library/Frameworks",
					"$(inherited)",
				);
				GCC_PREPROCESSOR_DEFINITIONS = (
					"DEBUG=1",
					"$(inherited)",
				);
				INFOPLIST_FILE = PingemTests/Info.plist;
				LD_RUNPATH_SEARCH_PATHS = "$(inherited) @executable_path/Frameworks @loader_path/Frameworks";
				PRODUCT_NAME = PropoundTests;
				TEST_HOST = "$(BUILT_PRODUCTS_DIR)/Pingem.app/Pingem";
			};
			name = Debug;
		};
		D2C016A41A1031A800A1C3A5 /* Release */ = {
			isa = XCBuildConfiguration;
			buildSettings = {
				BUNDLE_LOADER = "$(TEST_HOST)";
				FRAMEWORK_SEARCH_PATHS = (
					"$(SDKROOT)/Developer/Library/Frameworks",
					"$(inherited)",
				);
				INFOPLIST_FILE = PingemTests/Info.plist;
				LD_RUNPATH_SEARCH_PATHS = "$(inherited) @executable_path/Frameworks @loader_path/Frameworks";
				PRODUCT_NAME = PropoundTests;
				TEST_HOST = "$(BUILT_PRODUCTS_DIR)/Pingem.app/Pingem";
			};
			name = Release;
		};
/* End XCBuildConfiguration section */

/* Begin XCConfigurationList section */
		D2C016741A1031A700A1C3A5 /* Build configuration list for PBXProject "Propound" */ = {
			isa = XCConfigurationList;
			buildConfigurations = (
				D2C0169D1A1031A800A1C3A5 /* Debug */,
				D2C0169E1A1031A800A1C3A5 /* Release */,
			);
			defaultConfigurationIsVisible = 0;
			defaultConfigurationName = Release;
		};
		D2C0169F1A1031A800A1C3A5 /* Build configuration list for PBXNativeTarget "Propound" */ = {
			isa = XCConfigurationList;
			buildConfigurations = (
				D2C016A01A1031A800A1C3A5 /* Debug */,
				D2C016A11A1031A800A1C3A5 /* Release */,
			);
			defaultConfigurationIsVisible = 0;
			defaultConfigurationName = Release;
		};
		D2C016A21A1031A800A1C3A5 /* Build configuration list for PBXNativeTarget "PropoundTests" */ = {
			isa = XCConfigurationList;
			buildConfigurations = (
				D2C016A31A1031A800A1C3A5 /* Debug */,
				D2C016A41A1031A800A1C3A5 /* Release */,
			);
			defaultConfigurationIsVisible = 0;
			defaultConfigurationName = Release;
		};
/* End XCConfigurationList section */
	};
	rootObject = D2C016711A1031A700A1C3A5 /* Project object */;
}
